
Microsoft Visual Studio Solution File, Format Version 12.00
# Visual Studio Version 17
VisualStudioVersion = 17.10.35122.118
MinimumVisualStudioVersion = 10.0.40219.1
Project("{9A19103F-16F7-4668-BE54-9A1E7A4F7556}") = "EmailSmsMarketing.Web", "EmailSmsMarketing.Web\EmailSmsMarketing.Web.csproj", "{80E7F17E-994C-4BDE-BD47-631AFDE496B9}"
	ProjectSection(ProjectDependencies) = postProject
		{5EC30575-4B9F-4181-883B-4F9DA6B20E00} = {5EC30575-4B9F-4181-883B-4F9DA6B20E00}
	EndProjectSection
EndProject
Project("{9A19103F-16F7-4668-BE54-9A1E7A4F7556}") = "EmailSmsMarketing.Domain", "EmailSmsMarketing.Domain\EmailSmsMarketing.Domain.csproj", "{5EC30575-4B9F-4181-883B-4F9DA6B20E00}"
EndProject
Project("{9A19103F-16F7-4668-BE54-9A1E7A4F7556}") = "EmailSmsMarketing.BusinessLogic", "EmailSmsMarketing.BusinessLogic\EmailSmsMarketing.BusinessLogic.csproj", "{97783215-768C-43D0-8899-2A6C1D85DC2C}"
EndProject
Global
	GlobalSection(SolutionConfigurationPlatforms) = preSolution
		Debug|Any CPU = Debug|Any CPU
		Release|Any CPU = Release|Any CPU
	EndGlobalSection
	GlobalSection(ProjectConfigurationPlatforms) = postSolution
		{80E7F17E-994C-4BDE-BD47-631AFDE496B9}.Debug|Any CPU.ActiveCfg = Debug|Any CPU
		{80E7F17E-994C-4BDE-BD47-631AFDE496B9}.Debug|Any CPU.Build.0 = Debug|Any CPU
		{80E7F17E-994C-4BDE-BD47-631AFDE496B9}.Release|Any CPU.ActiveCfg = Release|Any CPU
		{80E7F17E-994C-4BDE-BD47-631AFDE496B9}.Release|Any CPU.Build.0 = Release|Any CPU
		{5EC30575-4B9F-4181-883B-4F9DA6B20E00}.Debug|Any CPU.ActiveCfg = Debug|Any CPU
		{5EC30575-4B9F-4181-883B-4F9DA6B20E00}.Debug|Any CPU.Build.0 = Debug|Any CPU
		{5EC30575-4B9F-4181-883B-4F9DA6B20E00}.Release|Any CPU.ActiveCfg = Release|Any CPU
		{5EC30575-4B9F-4181-883B-4F9DA6B20E00}.Release|Any CPU.Build.0 = Release|Any CPU
		{97783215-768C-43D0-8899-2A6C1D85DC2C}.Debug|Any CPU.ActiveCfg = Debug|Any CPU
		{97783215-768C-43D0-8899-2A6C1D85DC2C}.Debug|Any CPU.Build.0 = Debug|Any CPU
		{97783215-768C-43D0-8899-2A6C1D85DC2C}.Release|Any CPU.ActiveCfg = Release|Any CPU
		{97783215-768C-43D0-8899-2A6C1D85DC2C}.Release|Any CPU.Build.0 = Release|Any CPU
	EndGlobalSection
	GlobalSection(SolutionProperties) = preSolution
		HideSolutionNode = FALSE
	EndGlobalSection
	GlobalSection(ExtensibilityGlobals) = postSolution
		SolutionGuid = {A4843D66-3C02-4F6C-B76D-91558B54A8A1}
	EndGlobalSection
EndGlobal
